// !$*UTF8*$!
{
	archiveVersion = 1;
	classes = {
	};
	objectVersion = 56;
	objects = {

/* Begin PBXBuildFile section */
		A73CE1032B96990F00737F76 /* TravelTableViewCell.swift in Sources */ = {isa = PBXBuildFile; fileRef = A73CE1012B96990F00737F76 /* TravelTableViewCell.swift */; };
		A73CE1042B96990F00737F76 /* TravelTableViewCell.xib in Resources */ = {isa = PBXBuildFile; fileRef = A73CE1022B96990F00737F76 /* TravelTableViewCell.xib */; };
		A74CE5462B8E9DC400153EF6 /* AppDelegate.swift in Sources */ = {isa = PBXBuildFile; fileRef = A74CE5452B8E9DC400153EF6 /* AppDelegate.swift */; };
		A74CE5482B8E9DC400153EF6 /* SceneDelegate.swift in Sources */ = {isa = PBXBuildFile; fileRef = A74CE5472B8E9DC400153EF6 /* SceneDelegate.swift */; };
		A74CE54A2B8E9DC400153EF6 /* ViewController.swift in Sources */ = {isa = PBXBuildFile; fileRef = A74CE5492B8E9DC400153EF6 /* ViewController.swift */; };
		A74CE54D2B8E9DC400153EF6 /* Main.storyboard in Resources */ = {isa = PBXBuildFile; fileRef = A74CE54B2B8E9DC400153EF6 /* Main.storyboard */; };
		A74CE54F2B8E9DC500153EF6 /* Assets.xcassets in Resources */ = {isa = PBXBuildFile; fileRef = A74CE54E2B8E9DC500153EF6 /* Assets.xcassets */; };
		A74CE5522B8E9DC500153EF6 /* LaunchScreen.storyboard in Resources */ = {isa = PBXBuildFile; fileRef = A74CE5502B8E9DC500153EF6 /* LaunchScreen.storyboard */; };
		A76D8AFB2B910BDF008DB25A /* HomeTableViewHeader.xib in Resources */ = {isa = PBXBuildFile; fileRef = A76D8AFA2B910BDF008DB25A /* HomeTableViewHeader.xib */; };
		A7D0B6032B9293C800A83A8C /* HomeTableViewHeader.swift in Sources */ = {isa = PBXBuildFile; fileRef = A7D0B6022B9293C800A83A8C /* HomeTableViewHeader.swift */; };
/* End PBXBuildFile section */

/* Begin PBXFileReference section */
		A73CE1012B96990F00737F76 /* TravelTableViewCell.swift */ = {isa = PBXFileReference; lastKnownFileType = sourcecode.swift; path = TravelTableViewCell.swift; sourceTree = "<group>"; };
		A73CE1022B96990F00737F76 /* TravelTableViewCell.xib */ = {isa = PBXFileReference; lastKnownFileType = file.xib; path = TravelTableViewCell.xib; sourceTree = "<group>"; };
		A74CE5422B8E9DC400153EF6 /* RocketTravels.app */ = {isa = PBXFileReference; explicitFileType = wrapper.application; includeInIndex = 0; path = RocketTravels.app; sourceTree = BUILT_PRODUCTS_DIR; };
		A74CE5452B8E9DC400153EF6 /* AppDelegate.swift */ = {isa = PBXFileReference; lastKnownFileType = sourcecode.swift; path = AppDelegate.swift; sourceTree = "<group>"; };
		A74CE5472B8E9DC400153EF6 /* SceneDelegate.swift */ = {isa = PBXFileReference; lastKnownFileType = sourcecode.swift; path = SceneDelegate.swift; sourceTree = "<group>"; };
		A74CE5492B8E9DC400153EF6 /* ViewController.swift */ = {isa = PBXFileReference; lastKnownFileType = sourcecode.swift; path = ViewController.swift; sourceTree = "<group>"; };
		A74CE54C2B8E9DC400153EF6 /* Base */ = {isa = PBXFileReference; lastKnownFileType = file.storyboard; name = Base; path = Base.lproj/Main.storyboard; sourceTree = "<group>"; };
		A74CE54E2B8E9DC500153EF6 /* Assets.xcassets */ = {isa = PBXFileReference; lastKnownFileType = folder.assetcatalog; path = Assets.xcassets; sourceTree = "<group>"; };
		A74CE5512B8E9DC500153EF6 /* Base */ = {isa = PBXFileReference; lastKnownFileType = file.storyboard; name = Base; path = Base.lproj/LaunchScreen.storyboard; sourceTree = "<group>"; };
		A74CE5532B8E9DC500153EF6 /* Info.plist */ = {isa = PBXFileReference; lastKnownFileType = text.plist.xml; path = Info.plist; sourceTree = "<group>"; };
		A76D8AFA2B910BDF008DB25A /* HomeTableViewHeader.xib */ = {isa = PBXFileReference; lastKnownFileType = file.xib; path = HomeTableViewHeader.xib; sourceTree = "<group>"; };
		A7D0B6022B9293C800A83A8C /* HomeTableViewHeader.swift */ = {isa = PBXFileReference; lastKnownFileType = sourcecode.swift; path = HomeTableViewHeader.swift; sourceTree = "<group>"; };
/* End PBXFileReference section */

/* Begin PBXFrameworksBuildPhase section */
		A74CE53F2B8E9DC400153EF6 /* Frameworks */ = {
			isa = PBXFrameworksBuildPhase;
			buildActionMask = 2147483647;
			files = (
			);
			runOnlyForDeploymentPostprocessing = 0;
		};
/* End PBXFrameworksBuildPhase section */

/* Begin PBXGroup section */
		A73CE1002B9698AE00737F76 /* Cells */ = {
			isa = PBXGroup;
			children = (
				A73CE1012B96990F00737F76 /* TravelTableViewCell.swift */,
				A73CE1022B96990F00737F76 /* TravelTableViewCell.xib */,
			);
			path = Cells;
			sourceTree = "<group>";
		};
		A749E5DF2B951048007D6140 /* AppDelegate */ = {
			isa = PBXGroup;
			children = (
				A74CE5452B8E9DC400153EF6 /* AppDelegate.swift */,
				A74CE5472B8E9DC400153EF6 /* SceneDelegate.swift */,
			);
			path = AppDelegate;
			sourceTree = "<group>";
		};
		A749E5E02B95107A007D6140 /*  Model */ = {
			isa = PBXGroup;
			children = (
			);
			path = " Model";
			sourceTree = "<group>";
		};
		A749E5E12B9510A9007D6140 /* View */ = {
			isa = PBXGroup;
			children = (
				A74CE5492B8E9DC400153EF6 /* ViewController.swift */,
				A74CE54B2B8E9DC400153EF6 /* Main.storyboard */,
				A749E5E22B9510DF007D6140 /* Header */,
				A73CE1002B9698AE00737F76 /* Cells */,
			);
			path = View;
			sourceTree = "<group>";
		};
		A749E5E22B9510DF007D6140 /* Header */ = {
			isa = PBXGroup;
			children = (
				A7D0B6022B9293C800A83A8C /* HomeTableViewHeader.swift */,
				A76D8AFA2B910BDF008DB25A /* HomeTableViewHeader.xib */,
			);
			path = Header;
			sourceTree = "<group>";
		};
		A749E5E32B951102007D6140 /* ViewModel */ = {
			isa = PBXGroup;
			children = (
			);
			path = ViewModel;
			sourceTree = "<group>";
		};
		A74CE5392B8E9DC400153EF6 = {
			isa = PBXGroup;
			children = (
				A74CE5442B8E9DC400153EF6 /* RocketTravels */,
				A74CE5432B8E9DC400153EF6 /* Products */,
			);
			sourceTree = "<group>";
		};
		A74CE5432B8E9DC400153EF6 /* Products */ = {
			isa = PBXGroup;
			children = (
				A74CE5422B8E9DC400153EF6 /* RocketTravels.app */,
			);
			name = Products;
			sourceTree = "<group>";
		};
		A74CE5442B8E9DC400153EF6 /* RocketTravels */ = {
			isa = PBXGroup;
			children = (
				A749E5DF2B951048007D6140 /* AppDelegate */,
				A749E5E02B95107A007D6140 /*  Model */,
				A749E5E12B9510A9007D6140 /* View */,
				A749E5E32B951102007D6140 /* ViewModel */,
				A74CE54E2B8E9DC500153EF6 /* Assets.xcassets */,
				A74CE5502B8E9DC500153EF6 /* LaunchScreen.storyboard */,
				A74CE5532B8E9DC500153EF6 /* Info.plist */,
			);
			path = RocketTravels;
			sourceTree = "<group>";
		};
/* End PBXGroup section */

/* Begin PBXNativeTarget section */
		A74CE5412B8E9DC400153EF6 /* RocketTravels */ = {
			isa = PBXNativeTarget;
			buildConfigurationList = A74CE5562B8E9DC500153EF6 /* Build configuration list for PBXNativeTarget "RocketTravels" */;
			buildPhases = (
				A74CE53E2B8E9DC400153EF6 /* Sources */,
				A74CE53F2B8E9DC400153EF6 /* Frameworks */,
				A74CE5402B8E9DC400153EF6 /* Resources */,
			);
			buildRules = (
			);
			dependencies = (
			);
			name = RocketTravels;
			productName = RocketTravels;
			productReference = A74CE5422B8E9DC400153EF6 /* RocketTravels.app */;
			productType = "com.apple.product-type.application";
		};
/* End PBXNativeTarget section */

/* Begin PBXProject section */
		A74CE53A2B8E9DC400153EF6 /* Project object */ = {
			isa = PBXProject;
			attributes = {
				BuildIndependentTargetsInParallel = 1;
				LastSwiftUpdateCheck = 1520;
				LastUpgradeCheck = 1520;
				TargetAttributes = {
					A74CE5412B8E9DC400153EF6 = {
						CreatedOnToolsVersion = 15.2;
					};
				};
			};
			buildConfigurationList = A74CE53D2B8E9DC400153EF6 /* Build configuration list for PBXProject "RocketTravels" */;
			compatibilityVersion = "Xcode 14.0";
			developmentRegion = en;
			hasScannedForEncodings = 0;
			knownRegions = (
				en,
				Base,
			);
			mainGroup = A74CE5392B8E9DC400153EF6;
			productRefGroup = A74CE5432B8E9DC400153EF6 /* Products */;
			projectDirPath = "";
			projectRoot = "";
			targets = (
				A74CE5412B8E9DC400153EF6 /* RocketTravels */,
			);
		};
/* End PBXProject section */

/* Begin PBXResourcesBuildPhase section */
		A74CE5402B8E9DC400153EF6 /* Resources */ = {
			isa = PBXResourcesBuildPhase;
			buildActionMask = 2147483647;
			files = (
				A74CE5522B8E9DC500153EF6 /* LaunchScreen.storyboard in Resources */,
				A76D8AFB2B910BDF008DB25A /* HomeTableViewHeader.xib in Resources */,
				A74CE54F2B8E9DC500153EF6 /* Assets.xcassets in Resources */,
				A74CE54D2B8E9DC400153EF6 /* Main.storyboard in Resources */,
				A73CE1042B96990F00737F76 /* TravelTableViewCell.xib in Resources */,
			);
			runOnlyForDeploymentPostprocessing = 0;
		};
/* End PBXResourcesBuildPhase section */

/* Begin PBXSourcesBuildPhase section */
		A74CE53E2B8E9DC400153EF6 /* Sources */ = {
			isa = PBXSourcesBuildPhase;
			buildActionMask = 2147483647;
			files = (
				A74CE54A2B8E9DC400153EF6 /* ViewController.swift in Sources */,
				A7D0B6032B9293C800A83A8C /* HomeTableViewHeader.swift in Sources */,
				A74CE5462B8E9DC400153EF6 /* AppDelegate.swift in Sources */,
				A73CE1032B96990F00737F76 /* TravelTableViewCell.swift in Sources */,
				A74CE5482B8E9DC400153EF6 /* SceneDelegate.swift in Sources */,
			);
			runOnlyForDeploymentPostprocessing = 0;
		};
/* End PBXSourcesBuildPhase section */

/* Begin PBXVariantGroup section */
		A74CE54B2B8E9DC400153EF6 /* Main.storyboard */ = {
			isa = PBXVariantGroup;
			children = (
				A74CE54C2B8E9DC400153EF6 /* Base */,
			);
			name = Main.storyboard;
			sourceTree = "<group>";
		};
		A74CE5502B8E9DC500153EF6 /* LaunchScreen.storyboard */ = {
			isa = PBXVariantGroup;
			children = (
				A74CE5512B8E9DC500153EF6 /* Base */,
			);
			name = LaunchScreen.storyboard;
			sourceTree = "<group>";
		};
/* End PBXVariantGroup section */

/* Begin XCBuildConfiguration section */
		A74CE5542B8E9DC500153EF6 /* Debug */ = {
			isa = XCBuildConfiguration;
			buildSettings = {
				ALWAYS_SEARCH_USER_PATHS = NO;
				ASSETCATALOG_COMPILER_GENERATE_SWIFT_ASSET_SYMBOL_EXTENSIONS = YES;
				CLANG_ANALYZER_NONNULL = YES;
				CLANG_ANALYZER_NUMBER_OBJECT_CONVERSION = YES_AGGRESSIVE;
				CLANG_CXX_LANGUAGE_STANDARD = "gnu++20";
				CLANG_ENABLE_MODULES = YES;
				CLANG_ENABLE_OBJC_ARC = YES;
				CLANG_ENABLE_OBJC_WEAK = YES;
				CLANG_WARN_BLOCK_CAPTURE_AUTORELEASING = YES;
				CLANG_WARN_BOOL_CONVERSION = YES;
				CLANG_WARN_COMMA = YES;
				CLANG_WARN_CONSTANT_CONVERSION = YES;
				CLANG_WARN_DEPRECATED_OBJC_IMPLEMENTATIONS = YES;
				CLANG_WARN_DIRECT_OBJC_ISA_USAGE = YES_ERROR;
				CLANG_WARN_DOCUMENTATION_COMMENTS = YES;
				CLANG_WARN_EMPTY_BODY = YES;
				CLANG_WARN_ENUM_CONVERSION = YES;
				CLANG_WARN_INFINITE_RECURSION = YES;
				CLANG_WARN_INT_CONVERSION = YES;
				CLANG_WARN_NON_LITERAL_NULL_CONVERSION = YES;
				CLANG_WARN_OBJC_IMPLICIT_RETAIN_SELF = YES;
				CLANG_WARN_OBJC_LITERAL_CONVERSION = YES;
				CLANG_WARN_OBJC_ROOT_CLASS = YES_ERROR;
				CLANG_WARN_QUOTED_INCLUDE_IN_FRAMEWORK_HEADER = YES;
				CLANG_WARN_RANGE_LOOP_ANALYSIS = YES;
				CLANG_WARN_STRICT_PROTOTYPES = YES;
				CLANG_WARN_SUSPICIOUS_MOVE = YES;
				CLANG_WARN_UNGUARDED_AVAILABILITY = YES_AGGRESSIVE;
				CLANG_WARN_UNREACHABLE_CODE = YES;
				CLANG_WARN__DUPLICATE_METHOD_MATCH = YES;
				COPY_PHASE_STRIP = NO;
				DEBUG_INFORMATION_FORMAT = dwarf;
				ENABLE_STRICT_OBJC_MSGSEND = YES;
				ENABLE_TESTABILITY = YES;
				ENABLE_USER_SCRIPT_SANDBOXING = YES;
				GCC_C_LANGUAGE_STANDARD = gnu17;
				GCC_DYNAMIC_NO_PIC = NO;
				GCC_NO_COMMON_BLOCKS = YES;
				GCC_OPTIMIZATION_LEVEL = 0;
				GCC_PREPROCESSOR_DEFINITIONS = (
					"DEBUG=1",
					"$(inherited)",
				);
				GCC_WARN_64_TO_32_BIT_CONVERSION = YES;
				GCC_WARN_ABOUT_RETURN_TYPE = YES_ERROR;
				GCC_WARN_UNDECLARED_SELECTOR = YES;
				GCC_WARN_UNINITIALIZED_AUTOS = YES_AGGRESSIVE;
				GCC_WARN_UNUSED_FUNCTION = YES;
				GCC_WARN_UNUSED_VARIABLE = YES;
				IPHONEOS_DEPLOYMENT_TARGET = 17.2;
				LOCALIZATION_PREFERS_STRING_CATALOGS = YES;
				MTL_ENABLE_DEBUG_INFO = INCLUDE_SOURCE;
				MTL_FAST_MATH = YES;
				ONLY_ACTIVE_ARCH = YES;
				SDKROOT = iphoneos;
				SWIFT_ACTIVE_COMPILATION_CONDITIONS = "DEBUG $(inherited)";
				SWIFT_OPTIMIZATION_LEVEL = "-Onone";
			};
			name = Debug;
		};
		A74CE5552B8E9DC500153EF6 /* Release */ = {
			isa = XCBuildConfiguration;
			buildSettings = {
				ALWAYS_SEARCH_USER_PATHS = NO;
				ASSETCATALOG_COMPILER_GENERATE_SWIFT_ASSET_SYMBOL_EXTENSIONS = YES;
				CLANG_ANALYZER_NONNULL = YES;
				CLANG_ANALYZER_NUMBER_OBJECT_CONVERSION = YES_AGGRESSIVE;
				CLANG_CXX_LANGUAGE_STANDARD = "gnu++20";
				CLANG_ENABLE_MODULES = YES;
				CLANG_ENABLE_OBJC_ARC = YES;
				CLANG_ENABLE_OBJC_WEAK = YES;
				CLANG_WARN_BLOCK_CAPTURE_AUTORELEASING = YES;
				CLANG_WARN_BOOL_CONVERSION = YES;
				CLANG_WARN_COMMA = YES;
				CLANG_WARN_CONSTANT_CONVERSION = YES;
				CLANG_WARN_DEPRECATED_OBJC_IMPLEMENTATIONS = YES;
				CLANG_WARN_DIRECT_OBJC_ISA_USAGE = YES_ERROR;
				CLANG_WARN_DOCUMENTATION_COMMENTS = YES;
				CLANG_WARN_EMPTY_BODY = YES;
				CLANG_WARN_ENUM_CONVERSION = YES;
				CLANG_WARN_INFINITE_RECURSION = YES;
				CLANG_WARN_INT_CONVERSION = YES;
				CLANG_WARN_NON_LITERAL_NULL_CONVERSION = YES;
				CLANG_WARN_OBJC_IMPLICIT_RETAIN_SELF = YES;
				CLANG_WARN_OBJC_LITERAL_CONVERSION = YES;
				CLANG_WARN_OBJC_ROOT_CLASS = YES_ERROR;
				CLANG_WARN_QUOTED_INCLUDE_IN_FRAMEWORK_HEADER = YES;
				CLANG_WARN_RANGE_LOOP_ANALYSIS = YES;
				CLANG_WARN_STRICT_PROTOTYPES = YES;
				CLANG_WARN_SUSPICIOUS_MOVE = YES;
				CLANG_WARN_UNGUARDED_AVAILABILITY = YES_AGGRESSIVE;
				CLANG_WARN_UNREACHABLE_CODE = YES;
				CLANG_WARN__DUPLICATE_METHOD_MATCH = YES;
				COPY_PHASE_STRIP = NO;
				DEBUG_INFORMATION_FORMAT = "dwarf-with-dsym";
				ENABLE_NS_ASSERTIONS = NO;
				ENABLE_STRICT_OBJC_MSGSEND = YES;
				ENABLE_USER_SCRIPT_SANDBOXING = YES;
				GCC_C_LANGUAGE_STANDARD = gnu17;
				GCC_NO_COMMON_BLOCKS = YES;
				GCC_WARN_64_TO_32_BIT_CONVERSION = YES;
				GCC_WARN_ABOUT_RETURN_TYPE = YES_ERROR;
				GCC_WARN_UNDECLARED_SELECTOR = YES;
				GCC_WARN_UNINITIALIZED_AUTOS = YES_AGGRESSIVE;
				GCC_WARN_UNUSED_FUNCTION = YES;
				GCC_WARN_UNUSED_VARIABLE = YES;
				IPHONEOS_DEPLOYMENT_TARGET = 17.2;
				LOCALIZATION_PREFERS_STRING_CATALOGS = YES;
				MTL_ENABLE_DEBUG_INFO = NO;
				MTL_FAST_MATH = YES;
				SDKROOT = iphoneos;
				SWIFT_COMPILATION_MODE = wholemodule;
				VALIDATE_PRODUCT = YES;
			};
			name = Release;
		};
		A74CE5572B8E9DC500153EF6 /* Debug */ = {
			isa = XCBuildConfiguration;
			buildSettings = {
				ASSETCATALOG_COMPILER_APPICON_NAME = AppIcon;
				ASSETCATALOG_COMPILER_GLOBAL_ACCENT_COLOR_NAME = AccentColor;
				CODE_SIGN_STYLE = Automatic;
				CURRENT_PROJECT_VERSION = 1;
				DEVELOPMENT_TEAM = 3288B6Y39Y;
				GENERATE_INFOPLIST_FILE = YES;
				INFOPLIST_FILE = RocketTravels/Info.plist;
				INFOPLIST_KEY_UIApplicationSupportsIndirectInputEvents = YES;
				INFOPLIST_KEY_UILaunchStoryboardName = LaunchScreen;
				INFOPLIST_KEY_UIMainStoryboardFile = Main;
				INFOPLIST_KEY_UISupportedInterfaceOrientations_iPad = "UIInterfaceOrientationPortrait UIInterfaceOrientationPortraitUpsideDown UIInterfaceOrientationLandscapeLeft UIInterfaceOrientationLandscapeRight";
				INFOPLIST_KEY_UISupportedInterfaceOrientations_iPhone = "UIInterfaceOrientationPortrait UIInterfaceOrientationLandscapeLeft UIInterfaceOrientationLandscapeRight";
				LD_RUNPATH_SEARCH_PATHS = (
					"$(inherited)",
					"@executable_path/Frameworks",
				);
				MARKETING_VERSION = 1.0;
				PRODUCT_BUNDLE_IDENTIFIER = rhuancoder.RocketTravels;
				PRODUCT_NAME = "$(TARGET_NAME)";
				SWIFT_EMIT_LOC_STRINGS = YES;
				SWIFT_VERSION = 5.0;
				TARGETED_DEVICE_FAMILY = "1,2";
			};
			name = Debug;
		};
		A74CE5582B8E9DC500153EF6 /* Release */ = {
			isa = XCBuildConfiguration;
			buildSettings = {
				ASSETCATALOG_COMPILER_APPICON_NAME = AppIcon;
				ASSETCATALOG_COMPILER_GLOBAL_ACCENT_COLOR_NAME = AccentColor;
				CODE_SIGN_STYLE = Automatic;
				CURRENT_PROJECT_VERSION = 1;
				DEVELOPMENT_TEAM = 3288B6Y39Y;
				GENERATE_INFOPLIST_FILE = YES;
				INFOPLIST_FILE = RocketTravels/Info.plist;
				INFOPLIST_KEY_UIApplicationSupportsIndirectInputEvents = YES;
				INFOPLIST_KEY_UILaunchStoryboardName = LaunchScreen;
				INFOPLIST_KEY_UIMainStoryboardFile = Main;
				INFOPLIST_KEY_UISupportedInterfaceOrientations_iPad = "UIInterfaceOrientationPortrait UIInterfaceOrientationPortraitUpsideDown UIInterfaceOrientationLandscapeLeft UIInterfaceOrientationLandscapeRight";
				INFOPLIST_KEY_UISupportedInterfaceOrientations_iPhone = "UIInterfaceOrientationPortrait UIInterfaceOrientationLandscapeLeft UIInterfaceOrientationLandscapeRight";
				LD_RUNPATH_SEARCH_PATHS = (
					"$(inherited)",
					"@executable_path/Frameworks",
				);
				MARKETING_VERSION = 1.0;
				PRODUCT_BUNDLE_IDENTIFIER = rhuancoder.RocketTravels;
				PRODUCT_NAME = "$(TARGET_NAME)";
				SWIFT_EMIT_LOC_STRINGS = YES;
				SWIFT_VERSION = 5.0;
				TARGETED_DEVICE_FAMILY = "1,2";
			};
			name = Release;
		};
/* End XCBuildConfiguration section */

/* Begin XCConfigurationList section */
		A74CE53D2B8E9DC400153EF6 /* Build configuration list for PBXProject "RocketTravels" */ = {
			isa = XCConfigurationList;
			buildConfigurations = (
				A74CE5542B8E9DC500153EF6 /* Debug */,
				A74CE5552B8E9DC500153EF6 /* Release */,
			);
			defaultConfigurationIsVisible = 0;
			defaultConfigurationName = Release;
		};
		A74CE5562B8E9DC500153EF6 /* Build configuration list for PBXNativeTarget "RocketTravels" */ = {
			isa = XCConfigurationList;
			buildConfigurations = (
				A74CE5572B8E9DC500153EF6 /* Debug */,
				A74CE5582B8E9DC500153EF6 /* Release */,
			);
			defaultConfigurationIsVisible = 0;
			defaultConfigurationName = Release;
		};
/* End XCConfigurationList section */
	};
	rootObject = A74CE53A2B8E9DC400153EF6 /* Project object */;
}
